
Microsoft Visual Studio Solution File, Format Version 12.00
# Visual Studio Version 17
VisualStudioVersion = 17.4.33205.214
MinimumVisualStudioVersion = 10.0.40219.1
Project("{9A19103F-16F7-4668-BE54-9A1E7A4F7556}") = "Train", "Train\Train.csproj", "{90405970-01C5-4773-912A-0F60505A3C96}"
EndProject
Project("{9A19103F-16F7-4668-BE54-9A1E7A4F7556}") = "Common Elements", "Common Elements\Common Elements.csproj", "{0A99ACE6-C342-4490-8B74-65C78DD5D9E6}"
EndProject
Project("{FAE04EC0-301F-11D3-BF4B-00C04F79EFBC}") = "Zig-Zag Arrays", "Zig-Zag Arrays\Zig-Zag Arrays.csproj", "{07646145-267E-4178-81A4-FFD2A4921287}"
EndProject
Project("{FAE04EC0-301F-11D3-BF4B-00C04F79EFBC}") = "Array Rotation", "Array Rotation\Array Rotation.csproj", "{8189EF12-75B5-465C-A233-0E4828BC29B9}"
EndProject
Project("{FAE04EC0-301F-11D3-BF4B-00C04F79EFBC}") = "Top Integers", "Top Integers\Top Integers.csproj", "{ED020D77-E9FF-4DA5-8A97-99A82A7F7723}"
EndProject
Project("{FAE04EC0-301F-11D3-BF4B-00C04F79EFBC}") = "Equal Sums", "Equal Sums\Equal Sums.csproj", "{D83C7134-B9C5-4FA1-AA02-CAB79860E6F8}"
EndProject
Project("{FAE04EC0-301F-11D3-BF4B-00C04F79EFBC}") = "Max Sequence of Equal Elements", "Max Sequence of Equal Elements\Max Sequence of Equal Elements.csproj", "{45090AD0-9EAB-4770-B423-A9ED2C3FEA41}"
EndProject
Project("{FAE04EC0-301F-11D3-BF4B-00C04F79EFBC}") = "Magic Sum", "Magic Num\Magic Sum.csproj", "{78103FA7-5FAE-4F46-8C5A-F243B05BBC98}"
EndProject
Project("{FAE04EC0-301F-11D3-BF4B-00C04F79EFBC}") = "Kamino Factory", "Kamino Factory\Kamino Factory.csproj", "{CC4031B2-4899-46FA-AE6C-32D876915B3B}"
EndProject
Global
	GlobalSection(SolutionConfigurationPlatforms) = preSolution
		Debug|Any CPU = Debug|Any CPU
		Release|Any CPU = Release|Any CPU
	EndGlobalSection
	GlobalSection(ProjectConfigurationPlatforms) = postSolution
		{90405970-01C5-4773-912A-0F60505A3C96}.Debug|Any CPU.ActiveCfg = Debug|Any CPU
		{90405970-01C5-4773-912A-0F60505A3C96}.Debug|Any CPU.Build.0 = Debug|Any CPU
		{90405970-01C5-4773-912A-0F60505A3C96}.Release|Any CPU.ActiveCfg = Release|Any CPU
		{90405970-01C5-4773-912A-0F60505A3C96}.Release|Any CPU.Build.0 = Release|Any CPU
		{0A99ACE6-C342-4490-8B74-65C78DD5D9E6}.Debug|Any CPU.ActiveCfg = Debug|Any CPU
		{0A99ACE6-C342-4490-8B74-65C78DD5D9E6}.Debug|Any CPU.Build.0 = Debug|Any CPU
		{0A99ACE6-C342-4490-8B74-65C78DD5D9E6}.Release|Any CPU.ActiveCfg = Release|Any CPU
		{0A99ACE6-C342-4490-8B74-65C78DD5D9E6}.Release|Any CPU.Build.0 = Release|Any CPU
		{07646145-267E-4178-81A4-FFD2A4921287}.Debug|Any CPU.ActiveCfg = Debug|Any CPU
		{07646145-267E-4178-81A4-FFD2A4921287}.Debug|Any CPU.Build.0 = Debug|Any CPU
		{07646145-267E-4178-81A4-FFD2A4921287}.Release|Any CPU.ActiveCfg = Release|Any CPU
		{07646145-267E-4178-81A4-FFD2A4921287}.Release|Any CPU.Build.0 = Release|Any CPU
		{8189EF12-75B5-465C-A233-0E4828BC29B9}.Debug|Any CPU.ActiveCfg = Debug|Any CPU
		{8189EF12-75B5-465C-A233-0E4828BC29B9}.Debug|Any CPU.Build.0 = Debug|Any CPU
		{8189EF12-75B5-465C-A233-0E4828BC29B9}.Release|Any CPU.ActiveCfg = Release|Any CPU
		{8189EF12-75B5-465C-A233-0E4828BC29B9}.Release|Any CPU.Build.0 = Release|Any CPU
		{ED020D77-E9FF-4DA5-8A97-99A82A7F7723}.Debug|Any CPU.ActiveCfg = Debug|Any CPU
		{ED020D77-E9FF-4DA5-8A97-99A82A7F7723}.Debug|Any CPU.Build.0 = Debug|Any CPU
		{ED020D77-E9FF-4DA5-8A97-99A82A7F7723}.Release|Any CPU.ActiveCfg = Release|Any CPU
		{ED020D77-E9FF-4DA5-8A97-99A82A7F7723}.Release|Any CPU.Build.0 = Release|Any CPU
		{D83C7134-B9C5-4FA1-AA02-CAB79860E6F8}.Debug|Any CPU.ActiveCfg = Debug|Any CPU
		{D83C7134-B9C5-4FA1-AA02-CAB79860E6F8}.Debug|Any CPU.Build.0 = Debug|Any CPU
		{D83C7134-B9C5-4FA1-AA02-CAB79860E6F8}.Release|Any CPU.ActiveCfg = Release|Any CPU
		{D83C7134-B9C5-4FA1-AA02-CAB79860E6F8}.Release|Any CPU.Build.0 = Release|Any CPU
		{45090AD0-9EAB-4770-B423-A9ED2C3FEA41}.Debug|Any CPU.ActiveCfg = Debug|Any CPU
		{45090AD0-9EAB-4770-B423-A9ED2C3FEA41}.Debug|Any CPU.Build.0 = Debug|Any CPU
		{45090AD0-9EAB-4770-B423-A9ED2C3FEA41}.Release|Any CPU.ActiveCfg = Release|Any CPU
		{45090AD0-9EAB-4770-B423-A9ED2C3FEA41}.Release|Any CPU.Build.0 = Release|Any CPU
		{78103FA7-5FAE-4F46-8C5A-F243B05BBC98}.Debug|Any CPU.ActiveCfg = Debug|Any CPU
		{78103FA7-5FAE-4F46-8C5A-F243B05BBC98}.Debug|Any CPU.Build.0 = Debug|Any CPU
		{78103FA7-5FAE-4F46-8C5A-F243B05BBC98}.Release|Any CPU.ActiveCfg = Release|Any CPU
		{78103FA7-5FAE-4F46-8C5A-F243B05BBC98}.Release|Any CPU.Build.0 = Release|Any CPU
		{CC4031B2-4899-46FA-AE6C-32D876915B3B}.Debug|Any CPU.ActiveCfg = Debug|Any CPU
		{CC4031B2-4899-46FA-AE6C-32D876915B3B}.Debug|Any CPU.Build.0 = Debug|Any CPU
		{CC4031B2-4899-46FA-AE6C-32D876915B3B}.Release|Any CPU.ActiveCfg = Release|Any CPU
		{CC4031B2-4899-46FA-AE6C-32D876915B3B}.Release|Any CPU.Build.0 = Release|Any CPU
	EndGlobalSection
	GlobalSection(SolutionProperties) = preSolution
		HideSolutionNode = FALSE
	EndGlobalSection
	GlobalSection(ExtensibilityGlobals) = postSolution
		SolutionGuid = {C6316749-99D2-4C1E-B7E8-CEE69ED1C37A}
	EndGlobalSection
EndGlobal
